github.com/smartwalle/ncrypto v1.0.0 h1:nQFxIS3fRgr8V0xRkhnfNQOrcJGPNF6d5XzFwVm79KU=
github.com/smartwalle/ncrypto v1.0.0/go.mod h1:NmCbG0nLnSDnMImEDrjptFKs0PiLThnFkjQSMtGYgs4=
github.com/smartwalle/ncrypto v1.0.1 h1:CVe/h/srt6knLiF/9V5OnDDhguskWR801meHizq7KmU=
github.com/smartwalle/ncrypto v1.0.1/go.mod h1:Dwlp6sfeNaPMnOxMNayMTacvC5JGEVln3CVdiVDgbBk=
github.com/smartwalle/ncrypto v1.0.2 h1:pTAhCqtPCMhpOwFXX+EcMdR6PNzruBNoGQrN2S1GbGI=
github.com/smartwalle/ncrypto v1.0.2/go.mod h1:Dwlp6sfeNaPMnOxMNayMTacvC5JGEVln3CVdiVDgbBk=
github.com/smartwalle/ncrypto v1.0.3 h1:fnzjoriZt2LZeD8ljEtRe2eU33Au7i8vIF4Gafz5RuI=
github.com/smartwalle/ncrypto v1.0.3/go.mod h1:Dwlp6sfeNaPMnOxMNayMTacvC5JGEVln3CVdiVDgbBk=
github.com/smartwalle/ncrypto v1.0.4 h1:P2rqQxDepJwgeO5ShoC+wGcK2wNJDmcdBOWAksuIgx8=
github.com/smartwalle/ncrypto v1.0.4/go.mod h1:Dwlp6sfeNaPMnOxMNayMTacvC5JGEVln3CVdiVDgbBk=
github.com/smartwalle/ngx v1.0.6 h1:JPNqNOIj+2nxxFtrSkJO+vKJfeNUSEQueck/Wworjps=
github.com/smartwalle/ngx v1.0.6/go.mod h1:mx/nz2Pk5j+RBs7t6u6k22MPiBG/8CtOMpCnALIG8Y0=
github.com/smartwalle/ngx v1.0.7 h1:BIQo6wmAnERehogNKUnthoxwBavTWxbR9oLFcGjWXKQ=
github.com/smartwalle/ngx v1.0.7/go.mod h1:mx/nz2Pk5j+RBs7t6u6k22MPiBG/8CtOMpCnALIG8Y0=
github.com/smartwalle/ngx v1.0.8 h1:FIQ0OPtQ7BNEhPutB8JWPU/nD1RJZEyPD++uDb5SZws=
github.com/smartwalle/ngx v1.0.8/go.mod h1:mx/nz2Pk5j+RBs7t6u6k22MPiBG/8CtOMpCnALIG8Y0=
github.com/smartwalle/ngx v1.0.9 h1:pUXDvWRZJIHVrCKA1uZ15YwNti+5P4GuJGbpJ4WvpMw=
github.com/smartwalle/ngx v1.0.9/go.mod h1:mx/nz2Pk5j+RBs7t6u6k22MPiBG/8CtOMpCnALIG8Y0=
github.com/smartwalle/nsign v0.0.1 h1:fpEwoThIjr1JRPqz5hEwbH5ADX/so6G/zcwvj0ywYyM=
github.com/smartwalle/nsign v0.0.1/go.mod h1:eY6I4CJlyNdVMP+t6z1H6Jpd4m5/V+8xi44ufSTxXgc=
github.com/smartwalle/nsign v1.0.8 h1:78KWtwKPrdt4Xsn+tNEBVxaTLIJBX9YRX0ZSrMUeuHo=
github.com/smartwalle/nsign v1.0.8/go.mod h1:eY6I4CJlyNdVMP+t6z1H6Jpd4m5/V+8xi44ufSTxXgc=
github.com/smartwalle/nsign v1.0.9 h1:8poAgG7zBd8HkZy9RQDwasC6XZvJpDGQWSjzL2FZL6E=
github.com/smartwalle/nsign v1.0.9/go.mod h1:eY6I4CJlyNdVMP+t6z1H6Jpd4m5/V+8xi44ufSTxXgc=
