github.com/smartwalle/ncrypto v1.0.1 h1:CVe/h/srt6knLiF/9V5OnDDhguskWR801meHizq7KmU=
github.com/smartwalle/ncrypto v1.0.1/go.mod h1:Dwlp6sfeNaPMnOxMNayMTacvC5JGEVln3CVdiVDgbBk=
github.com/smartwalle/nsign v0.0.1 h1:fpEwoThIjr1JRPqz5hEwbH5ADX/so6G/zcwvj0ywYyM=
github.com/smartwalle/nsign v0.0.1/go.mod h1:eY6I4CJlyNdVMP+t6z1H6Jpd4m5/V+8xi44ufSTxXgc=
github.com/smartwalle/xid v1.0.6 h1:aZ52pzrFSpzg+AIbSsiBxadjAZRctvDSkp5AokOHuFw=
github.com/smartwalle/xid v1.0.6/go.mod h1:zUe+B9M8IClU9Jj0HoZATmaX14TkP2L7L3ogF+UlhWk=
